
Microsoft Visual Studio Solution File, Format Version 12.00
# Visual Studio Version 17
VisualStudioVersion = 17.2.32616.157
MinimumVisualStudioVersion = 10.0.40219.1
Project("{FAE04EC0-301F-11D3-BF4B-00C04F79EFBC}") = "SecurityDemoMVC", "SecurityDemoMVC\SecurityDemoMVC.csproj", "{A12FF526-C094-4DCB-8823-9CA856DF0BBF}"
EndProject
Global
	GlobalSection(SolutionConfigurationPlatforms) = preSolution
		Debug|Any CPU = Debug|Any CPU
		Release|Any CPU = Release|Any CPU
	EndGlobalSection
	GlobalSection(ProjectConfigurationPlatforms) = postSolution
		{A12FF526-C094-4DCB-8823-9CA856DF0BBF}.Debug|Any CPU.ActiveCfg = Debug|Any CPU
		{A12FF526-C094-4DCB-8823-9CA856DF0BBF}.Debug|Any CPU.Build.0 = Debug|Any CPU
		{A12FF526-C094-4DCB-8823-9CA856DF0BBF}.Release|Any CPU.ActiveCfg = Release|Any CPU
		{A12FF526-C094-4DCB-8823-9CA856DF0BBF}.Release|Any CPU.Build.0 = Release|Any CPU
	EndGlobalSection
	GlobalSection(SolutionProperties) = preSolution
		HideSolutionNode = FALSE
	EndGlobalSection
	GlobalSection(ExtensibilityGlobals) = postSolution
		SolutionGuid = {9F22FA09-3B23-4A52-8E35-2CF29927ABDD}
	EndGlobalSection
EndGlobal
